
Microsoft Visual Studio Solution File, Format Version 12.00
# Visual Studio Version 16
VisualStudioVersion = 16.0.30523.141
MinimumVisualStudioVersion = 10.0.40219.1
Project("{9A19103F-16F7-4668-BE54-9A1E7A4F7556}") = "tax-manager", "tax-manager\tax-manager.csproj", "{A537A4CB-5A07-4D51-880A-849131EA74BF}"
EndProject
Project("{FAE04EC0-301F-11D3-BF4B-00C04F79EFBC}") = "tax-manager-consumer", "tax-manager-consumer\tax-manager-consumer.csproj", "{418A12BE-45EB-4D4D-BF98-19907B9A33C7}"
EndProject
Global
	GlobalSection(SolutionConfigurationPlatforms) = preSolution
		Debug|Any CPU = Debug|Any CPU
		Release|Any CPU = Release|Any CPU
	EndGlobalSection
	GlobalSection(ProjectConfigurationPlatforms) = postSolution
		{A537A4CB-5A07-4D51-880A-849131EA74BF}.Debug|Any CPU.ActiveCfg = Debug|Any CPU
		{A537A4CB-5A07-4D51-880A-849131EA74BF}.Debug|Any CPU.Build.0 = Debug|Any CPU
		{A537A4CB-5A07-4D51-880A-849131EA74BF}.Release|Any CPU.ActiveCfg = Release|Any CPU
		{A537A4CB-5A07-4D51-880A-849131EA74BF}.Release|Any CPU.Build.0 = Release|Any CPU
		{418A12BE-45EB-4D4D-BF98-19907B9A33C7}.Debug|Any CPU.ActiveCfg = Debug|Any CPU
		{418A12BE-45EB-4D4D-BF98-19907B9A33C7}.Debug|Any CPU.Build.0 = Debug|Any CPU
		{418A12BE-45EB-4D4D-BF98-19907B9A33C7}.Release|Any CPU.ActiveCfg = Release|Any CPU
		{418A12BE-45EB-4D4D-BF98-19907B9A33C7}.Release|Any CPU.Build.0 = Release|Any CPU
	EndGlobalSection
	GlobalSection(SolutionProperties) = preSolution
		HideSolutionNode = FALSE
	EndGlobalSection
	GlobalSection(ExtensibilityGlobals) = postSolution
		SolutionGuid = {7A65CD7F-00DF-4C96-A639-A8E53FCE1107}
	EndGlobalSection
EndGlobal
